
Microsoft Visual Studio Solution File, Format Version 12.00
# Visual Studio 15
VisualStudioVersion = 15.0.27110.0
MinimumVisualStudioVersion = 10.0.40219.1
Project("{FAE04EC0-301F-11D3-BF4B-00C04F79EFBC}") = "NUnit39", "NUnit39\NUnit39.csproj", "{8EDF4429-251A-416D-BB68-93F227191BCF}"
EndProject
Project("{FAE04EC0-301F-11D3-BF4B-00C04F79EFBC}") = "ClassLibrary1", "ClassLibrary1\ClassLibrary1.csproj", "{E7608256-04E1-426C-BFF4-D541A649AFD9}"
EndProject
Project("{2150E333-8FDC-42A3-9474-1A3956D46DE8}") = "Solution Items", "Solution Items", "{22400F06-E6EF-4414-BA17-724AB03362A8}"
	ProjectSection(SolutionItems) = preProject
		1.runsettings = 1.runsettings
		readme.md = readme.md
	EndProjectSection
EndProject
Project("{FAE04EC0-301F-11D3-BF4B-00C04F79EFBC}") = "OutOfProcDataCollector", "OutOfProcDataCollector\OutOfProcDataCollector.csproj", "{69B8A34F-AFD9-4131-8597-F2B735DEDD30}"
EndProject
Global
	GlobalSection(SolutionConfigurationPlatforms) = preSolution
		Debug|Any CPU = Debug|Any CPU
		Release|Any CPU = Release|Any CPU
	EndGlobalSection
	GlobalSection(ProjectConfigurationPlatforms) = postSolution
		{8EDF4429-251A-416D-BB68-93F227191BCF}.Debug|Any CPU.ActiveCfg = Debug|Any CPU
		{8EDF4429-251A-416D-BB68-93F227191BCF}.Debug|Any CPU.Build.0 = Debug|Any CPU
		{8EDF4429-251A-416D-BB68-93F227191BCF}.Release|Any CPU.ActiveCfg = Release|Any CPU
		{8EDF4429-251A-416D-BB68-93F227191BCF}.Release|Any CPU.Build.0 = Release|Any CPU
		{E7608256-04E1-426C-BFF4-D541A649AFD9}.Debug|Any CPU.ActiveCfg = Debug|Any CPU
		{E7608256-04E1-426C-BFF4-D541A649AFD9}.Debug|Any CPU.Build.0 = Debug|Any CPU
		{E7608256-04E1-426C-BFF4-D541A649AFD9}.Release|Any CPU.ActiveCfg = Release|Any CPU
		{E7608256-04E1-426C-BFF4-D541A649AFD9}.Release|Any CPU.Build.0 = Release|Any CPU
		{69B8A34F-AFD9-4131-8597-F2B735DEDD30}.Debug|Any CPU.ActiveCfg = Debug|Any CPU
		{69B8A34F-AFD9-4131-8597-F2B735DEDD30}.Debug|Any CPU.Build.0 = Debug|Any CPU
		{69B8A34F-AFD9-4131-8597-F2B735DEDD30}.Release|Any CPU.ActiveCfg = Release|Any CPU
		{69B8A34F-AFD9-4131-8597-F2B735DEDD30}.Release|Any CPU.Build.0 = Release|Any CPU
	EndGlobalSection
	GlobalSection(SolutionProperties) = preSolution
		HideSolutionNode = FALSE
	EndGlobalSection
	GlobalSection(ExtensibilityGlobals) = postSolution
		SolutionGuid = {A3C9E717-116C-4DBB-B635-468F82DAE00A}
	EndGlobalSection
EndGlobal
