
Microsoft Visual Studio Solution File, Format Version 12.00
# Visual Studio 15
VisualStudioVersion = 15.0.26430.12
MinimumVisualStudioVersion = 10.0.40219.1
Project("{FAE04EC0-301F-11D3-BF4B-00C04F79EFBC}") = "DAL", "DAL\DAL.csproj", "{B69BCA43-0859-47ED-A904-6E4BF5B62C2F}"
EndProject
Project("{FAE04EC0-301F-11D3-BF4B-00C04F79EFBC}") = "Models", "Models\Models.csproj", "{649C6272-1B5A-4F7E-B551-48F60377AE0C}"
EndProject
Project("{FAE04EC0-301F-11D3-BF4B-00C04F79EFBC}") = "TaxCalculators", "TaxCalculators\TaxCalculators.csproj", "{A027F68C-57AA-4623-93E9-ADAEBA8D5D09}"
EndProject
Global
	GlobalSection(SolutionConfigurationPlatforms) = preSolution
		Debug|Any CPU = Debug|Any CPU
		Release|Any CPU = Release|Any CPU
	EndGlobalSection
	GlobalSection(ProjectConfigurationPlatforms) = postSolution
		{B69BCA43-0859-47ED-A904-6E4BF5B62C2F}.Debug|Any CPU.ActiveCfg = Debug|Any CPU
		{B69BCA43-0859-47ED-A904-6E4BF5B62C2F}.Debug|Any CPU.Build.0 = Debug|Any CPU
		{B69BCA43-0859-47ED-A904-6E4BF5B62C2F}.Release|Any CPU.ActiveCfg = Release|Any CPU
		{B69BCA43-0859-47ED-A904-6E4BF5B62C2F}.Release|Any CPU.Build.0 = Release|Any CPU
		{649C6272-1B5A-4F7E-B551-48F60377AE0C}.Debug|Any CPU.ActiveCfg = Debug|Any CPU
		{649C6272-1B5A-4F7E-B551-48F60377AE0C}.Debug|Any CPU.Build.0 = Debug|Any CPU
		{649C6272-1B5A-4F7E-B551-48F60377AE0C}.Release|Any CPU.ActiveCfg = Release|Any CPU
		{649C6272-1B5A-4F7E-B551-48F60377AE0C}.Release|Any CPU.Build.0 = Release|Any CPU
		{A027F68C-57AA-4623-93E9-ADAEBA8D5D09}.Debug|Any CPU.ActiveCfg = Debug|Any CPU
		{A027F68C-57AA-4623-93E9-ADAEBA8D5D09}.Debug|Any CPU.Build.0 = Debug|Any CPU
		{A027F68C-57AA-4623-93E9-ADAEBA8D5D09}.Release|Any CPU.ActiveCfg = Release|Any CPU
		{A027F68C-57AA-4623-93E9-ADAEBA8D5D09}.Release|Any CPU.Build.0 = Release|Any CPU
	EndGlobalSection
	GlobalSection(SolutionProperties) = preSolution
		HideSolutionNode = FALSE
	EndGlobalSection
EndGlobal
