
Microsoft Visual Studio Solution File, Format Version 12.00
# Visual Studio 15
VisualStudioVersion = 15.0.26621.2
MinimumVisualStudioVersion = 10.0.40219.1
Project("{FAE04EC0-301F-11D3-BF4B-00C04F79EFBC}") = "AttributeEx", "AttributeEx\AttributeEx.csproj", "{1D4B3CF9-D496-4A6E-B5AB-BB98600E9720}"
EndProject
Project("{FAE04EC0-301F-11D3-BF4B-00C04F79EFBC}") = "AttributeExTests", "AttributeExTests\AttributeExTests.csproj", "{E6FDE706-6AA5-428F-838C-63A02E37B921}"
EndProject
Global
	GlobalSection(SolutionConfigurationPlatforms) = preSolution
		Debug|Any CPU = Debug|Any CPU
		Release|Any CPU = Release|Any CPU
	EndGlobalSection
	GlobalSection(ProjectConfigurationPlatforms) = postSolution
		{1D4B3CF9-D496-4A6E-B5AB-BB98600E9720}.Debug|Any CPU.ActiveCfg = Debug|Any CPU
		{1D4B3CF9-D496-4A6E-B5AB-BB98600E9720}.Debug|Any CPU.Build.0 = Debug|Any CPU
		{1D4B3CF9-D496-4A6E-B5AB-BB98600E9720}.Release|Any CPU.ActiveCfg = Release|Any CPU
		{1D4B3CF9-D496-4A6E-B5AB-BB98600E9720}.Release|Any CPU.Build.0 = Release|Any CPU
		{E6FDE706-6AA5-428F-838C-63A02E37B921}.Debug|Any CPU.ActiveCfg = Debug|Any CPU
		{E6FDE706-6AA5-428F-838C-63A02E37B921}.Debug|Any CPU.Build.0 = Debug|Any CPU
		{E6FDE706-6AA5-428F-838C-63A02E37B921}.Release|Any CPU.ActiveCfg = Release|Any CPU
		{E6FDE706-6AA5-428F-838C-63A02E37B921}.Release|Any CPU.Build.0 = Release|Any CPU
	EndGlobalSection
	GlobalSection(SolutionProperties) = preSolution
		HideSolutionNode = FALSE
	EndGlobalSection
	GlobalSection(ExtensibilityGlobals) = postSolution
		SolutionGuid = {7304181F-59C3-473C-81BF-EE01468FBB6F}
	EndGlobalSection
EndGlobal
