
Microsoft Visual Studio Solution File, Format Version 12.00
# Visual Studio 15
VisualStudioVersion = 15.0.27512.0
MinimumVisualStudioVersion = 10.0.40219.1
Project("{FAE04EC0-301F-11D3-BF4B-00C04F79EFBC}") = "Math", "Math\Math.csproj", "{6A94B205-672A-4CDA-AE2E-4DC01CCBEFDF}"
EndProject
Project("{FAE04EC0-301F-11D3-BF4B-00C04F79EFBC}") = "MathTests", "MathTests\MathTests.csproj", "{0F8E8996-62ED-40DA-87C5-6FE81304CC81}"
EndProject
Global
	GlobalSection(SolutionConfigurationPlatforms) = preSolution
		Debug|Any CPU = Debug|Any CPU
		Release|Any CPU = Release|Any CPU
	EndGlobalSection
	GlobalSection(ProjectConfigurationPlatforms) = postSolution
		{6A94B205-672A-4CDA-AE2E-4DC01CCBEFDF}.Debug|Any CPU.ActiveCfg = Debug|Any CPU
		{6A94B205-672A-4CDA-AE2E-4DC01CCBEFDF}.Debug|Any CPU.Build.0 = Debug|Any CPU
		{6A94B205-672A-4CDA-AE2E-4DC01CCBEFDF}.Release|Any CPU.ActiveCfg = Release|Any CPU
		{6A94B205-672A-4CDA-AE2E-4DC01CCBEFDF}.Release|Any CPU.Build.0 = Release|Any CPU
		{0F8E8996-62ED-40DA-87C5-6FE81304CC81}.Debug|Any CPU.ActiveCfg = Debug|Any CPU
		{0F8E8996-62ED-40DA-87C5-6FE81304CC81}.Debug|Any CPU.Build.0 = Debug|Any CPU
		{0F8E8996-62ED-40DA-87C5-6FE81304CC81}.Release|Any CPU.ActiveCfg = Release|Any CPU
		{0F8E8996-62ED-40DA-87C5-6FE81304CC81}.Release|Any CPU.Build.0 = Release|Any CPU
	EndGlobalSection
	GlobalSection(SolutionProperties) = preSolution
		HideSolutionNode = FALSE
	EndGlobalSection
	GlobalSection(ExtensibilityGlobals) = postSolution
		SolutionGuid = {FC804E37-E745-458A-B000-EC77BFCD7E64}
	EndGlobalSection
EndGlobal
