<?xml version="1.0" encoding="utf-8"?>
<Project ToolsVersion="4.0" xmlns="http://schemas.microsoft.com/developer/msbuild/2003">
  <ItemGroup>
    <Filter Include="Resource Files">
      <UniqueIdentifier>{67DA6AB6-F800-4c08-8B7A-83BB121AAD01}</UniqueIdentifier>
      <Extensions>rc;ico;cur;bmp;dlg;rc2;rct;bin;rgs;gif;jpg;jpeg;jpe;resx;tiff;tif;png;wav;mfcribbon-ms</Extensions>
    </Filter>
    <Filter Include="Headers">
      <UniqueIdentifier>{93995380-89BD-4b04-88EB-625FBE52EBFB}</UniqueIdentifier>
      <Extensions>h;hh;hpp;hxx;hm;inl;inc;xsd</Extensions>
    </Filter>
    <Filter Include="Headers\2DShapes">
      <UniqueIdentifier>{4502152c-f202-417f-beeb-d5b6ce324faa}</UniqueIdentifier>
    </Filter>
    <Filter Include="Headers\3DShapes">
      <UniqueIdentifier>{348b61bb-9d62-476e-bdd1-b4832a60c105}</UniqueIdentifier>
    </Filter>
    <Filter Include="Src">
      <UniqueIdentifier>{4FC737F1-C7A5-4376-A066-2A32D752A2FF}</UniqueIdentifier>
      <Extensions>cpp;c;cc;cxx;def;odl;idl;hpj;bat;asm;asmx</Extensions>
    </Filter>
    <Filter Include="Src\2DShapes">
      <UniqueIdentifier>{d566f6bc-1724-4ddd-9188-f3e56750bd27}</UniqueIdentifier>
    </Filter>
    <Filter Include="Src\3DShapes">
      <UniqueIdentifier>{cf003b3f-d749-427a-98fe-4c800657e3fc}</UniqueIdentifier>
    </Filter>
  </ItemGroup>
  <ItemGroup>
    <ClInclude Include="Shape.h">
      <Filter>Headers</Filter>
    </ClInclude>
    <ClInclude Include="Triangle.h">
      <Filter>Headers\2DShapes</Filter>
    </ClInclude>
    <ClInclude Include="Circle.h">
      <Filter>Headers\2DShapes</Filter>
    </ClInclude>
    <ClInclude Include="Sphere.h">
      <Filter>Headers\3DShapes</Filter>
    </ClInclude>
    <ClInclude Include="Cube.h">
      <Filter>Headers\3DShapes</Filter>
    </ClInclude>
    <ClInclude Include="Tetrahedron.h">
      <Filter>Headers\3DShapes</Filter>
    </ClInclude>
    <ClInclude Include="Rectangle.h">
      <Filter>Headers\2DShapes</Filter>
    </ClInclude>
    <ClInclude Include="Square.h">
      <Filter>Headers\2DShapes</Filter>
    </ClInclude>
    <ClInclude Include="Cuboid.h">
      <Filter>Headers\3DShapes</Filter>
    </ClInclude>
    <ClInclude Include="Position.h">
      <Filter>Headers</Filter>
    </ClInclude>
  </ItemGroup>
  <ItemGroup>
    <ClCompile Include="Shape.cpp">
      <Filter>Src</Filter>
    </ClCompile>
    <ClCompile Include="Main.cpp">
      <Filter>Src</Filter>
    </ClCompile>
    <ClCompile Include="Position.cpp">
      <Filter>Src</Filter>
    </ClCompile>
    <ClCompile Include="Src\2DShapes\Circle.cpp">
      <Filter>Src\2DShapes</Filter>
    </ClCompile>
    <ClCompile Include="Src\2DShapes\Rectangle.cpp">
      <Filter>Src\2DShapes</Filter>
    </ClCompile>
    <ClCompile Include="Src\2DShapes\Square.cpp">
      <Filter>Src\2DShapes</Filter>
    </ClCompile>
    <ClCompile Include="Src\2DShapes\Triangle.cpp">
      <Filter>Src\2DShapes</Filter>
    </ClCompile>
    <ClCompile Include="Src\3DShapes\Cube.cpp">
      <Filter>Src\3DShapes</Filter>
    </ClCompile>
    <ClCompile Include="Src\3DShapes\Cuboid.cpp">
      <Filter>Src\3DShapes</Filter>
    </ClCompile>
    <ClCompile Include="Src\3DShapes\Sphere.cpp">
      <Filter>Src\3DShapes</Filter>
    </ClCompile>
    <ClCompile Include="Src\3DShapes\Tetrahedron.cpp">
      <Filter>Src\3DShapes</Filter>
    </ClCompile>
  </ItemGroup>
</Project>