
Microsoft Visual Studio Solution File, Format Version 12.00
# Visual Studio 15
VisualStudioVersion = 15.0.27009.3004
MinimumVisualStudioVersion = 10.0.40219.1
Project("{FAE04EC0-301F-11D3-BF4B-00C04F79EFBC}") = "NUnitTests", "NUnitTests\NUnitTests.csproj", "{63DB2CA3-D09D-4DC9-BFF5-B0E21E55E2FB}"
EndProject
Global
	GlobalSection(SolutionConfigurationPlatforms) = preSolution
		Debug|Any CPU = Debug|Any CPU
		Release|Any CPU = Release|Any CPU
	EndGlobalSection
	GlobalSection(ProjectConfigurationPlatforms) = postSolution
		{63DB2CA3-D09D-4DC9-BFF5-B0E21E55E2FB}.Debug|Any CPU.ActiveCfg = Debug|Any CPU
		{63DB2CA3-D09D-4DC9-BFF5-B0E21E55E2FB}.Debug|Any CPU.Build.0 = Debug|Any CPU
		{63DB2CA3-D09D-4DC9-BFF5-B0E21E55E2FB}.Release|Any CPU.ActiveCfg = Release|Any CPU
		{63DB2CA3-D09D-4DC9-BFF5-B0E21E55E2FB}.Release|Any CPU.Build.0 = Release|Any CPU
	EndGlobalSection
	GlobalSection(SolutionProperties) = preSolution
		HideSolutionNode = FALSE
	EndGlobalSection
	GlobalSection(ExtensibilityGlobals) = postSolution
		SolutionGuid = {7EFC3B72-CDDA-4262-9310-FDD6EA18F71C}
	EndGlobalSection
EndGlobal
