
Microsoft Visual Studio Solution File, Format Version 12.00
# Visual Studio 15
VisualStudioVersion = 15.0.26730.12
MinimumVisualStudioVersion = 10.0.40219.1
Project("{FAE04EC0-301F-11D3-BF4B-00C04F79EFBC}") = "Sample3", "Sample3\Sample3.csproj", "{D9C0D18C-49E3-400F-800F-315FCE3C7BC6}"
EndProject
Project("{FAE04EC0-301F-11D3-BF4B-00C04F79EFBC}") = "Sample3Tests", "Sample3Tests\Sample3Tests.csproj", "{7BBA51E7-94C9-4792-BDCF-21CE29FF6292}"
EndProject
Global
	GlobalSection(SolutionConfigurationPlatforms) = preSolution
		Debug|Any CPU = Debug|Any CPU
		Release|Any CPU = Release|Any CPU
	EndGlobalSection
	GlobalSection(ProjectConfigurationPlatforms) = postSolution
		{D9C0D18C-49E3-400F-800F-315FCE3C7BC6}.Debug|Any CPU.ActiveCfg = Debug|Any CPU
		{D9C0D18C-49E3-400F-800F-315FCE3C7BC6}.Debug|Any CPU.Build.0 = Debug|Any CPU
		{D9C0D18C-49E3-400F-800F-315FCE3C7BC6}.Release|Any CPU.ActiveCfg = Release|Any CPU
		{D9C0D18C-49E3-400F-800F-315FCE3C7BC6}.Release|Any CPU.Build.0 = Release|Any CPU
		{7BBA51E7-94C9-4792-BDCF-21CE29FF6292}.Debug|Any CPU.ActiveCfg = Debug|Any CPU
		{7BBA51E7-94C9-4792-BDCF-21CE29FF6292}.Debug|Any CPU.Build.0 = Debug|Any CPU
		{7BBA51E7-94C9-4792-BDCF-21CE29FF6292}.Release|Any CPU.ActiveCfg = Release|Any CPU
		{7BBA51E7-94C9-4792-BDCF-21CE29FF6292}.Release|Any CPU.Build.0 = Release|Any CPU
	EndGlobalSection
	GlobalSection(SolutionProperties) = preSolution
		HideSolutionNode = FALSE
	EndGlobalSection
	GlobalSection(ExtensibilityGlobals) = postSolution
		SolutionGuid = {44F34569-312E-42A2-87CD-B9AB97919CBF}
	EndGlobalSection
EndGlobal
