
Microsoft Visual Studio Solution File, Format Version 12.00
# Visual Studio 15
VisualStudioVersion = 15.0.26228.9
MinimumVisualStudioVersion = 10.0.40219.1
Project("{8BC9CEB8-8B4A-11D0-8D11-00A0C91BC942}") = "Shapes", "Shapes\Shapes.vcxproj", "{05F15232-A99B-4670-8DE8-FD1941FC8022}"
EndProject
Project("{8BC9CEB8-8B4A-11D0-8D11-00A0C91BC942}") = "ShapesTests", "ShapesTests\ShapesTests.vcxproj", "{F3796ACD-1102-488C-B5F6-F4A270E225DF}"
	ProjectSection(ProjectDependencies) = postProject
		{05F15232-A99B-4670-8DE8-FD1941FC8022} = {05F15232-A99B-4670-8DE8-FD1941FC8022}
	EndProjectSection
EndProject
Project("{2150E333-8FDC-42A3-9474-1A3956D46DE8}") = "Solution Items", "Solution Items", "{20A980C0-5DC7-4A7D-8F5D-CB2EAB208741}"
	ProjectSection(SolutionItems) = preProject
		TestImpact.xml = TestImpact.xml
	EndProjectSection
EndProject
Global
	GlobalSection(SolutionConfigurationPlatforms) = preSolution
		Debug|x64 = Debug|x64
		Debug|x86 = Debug|x86
		Release|x64 = Release|x64
		Release|x86 = Release|x86
	EndGlobalSection
	GlobalSection(ProjectConfigurationPlatforms) = postSolution
		{05F15232-A99B-4670-8DE8-FD1941FC8022}.Debug|x64.ActiveCfg = Debug|x64
		{05F15232-A99B-4670-8DE8-FD1941FC8022}.Debug|x64.Build.0 = Debug|x64
		{05F15232-A99B-4670-8DE8-FD1941FC8022}.Debug|x86.ActiveCfg = Debug|Win32
		{05F15232-A99B-4670-8DE8-FD1941FC8022}.Debug|x86.Build.0 = Debug|Win32
		{05F15232-A99B-4670-8DE8-FD1941FC8022}.Release|x64.ActiveCfg = Release|x64
		{05F15232-A99B-4670-8DE8-FD1941FC8022}.Release|x64.Build.0 = Release|x64
		{05F15232-A99B-4670-8DE8-FD1941FC8022}.Release|x86.ActiveCfg = Release|Win32
		{05F15232-A99B-4670-8DE8-FD1941FC8022}.Release|x86.Build.0 = Release|Win32
		{F3796ACD-1102-488C-B5F6-F4A270E225DF}.Debug|x64.ActiveCfg = Debug|x64
		{F3796ACD-1102-488C-B5F6-F4A270E225DF}.Debug|x64.Build.0 = Debug|x64
		{F3796ACD-1102-488C-B5F6-F4A270E225DF}.Debug|x86.ActiveCfg = Debug|Win32
		{F3796ACD-1102-488C-B5F6-F4A270E225DF}.Debug|x86.Build.0 = Debug|Win32
		{F3796ACD-1102-488C-B5F6-F4A270E225DF}.Release|x64.ActiveCfg = Release|x64
		{F3796ACD-1102-488C-B5F6-F4A270E225DF}.Release|x64.Build.0 = Release|x64
		{F3796ACD-1102-488C-B5F6-F4A270E225DF}.Release|x86.ActiveCfg = Release|Win32
		{F3796ACD-1102-488C-B5F6-F4A270E225DF}.Release|x86.Build.0 = Release|Win32
	EndGlobalSection
	GlobalSection(SolutionProperties) = preSolution
		HideSolutionNode = FALSE
	EndGlobalSection
	GlobalSection(ExtensibilityGlobals) = postSolution
		SolutionGuid = {72D3C851-CFC0-44FD-AE9F-701DA739AE68}
	EndGlobalSection
EndGlobal
