
Microsoft Visual Studio Solution File, Format Version 12.00
# Visual Studio 15
VisualStudioVersion = 15.0.27009.1
MinimumVisualStudioVersion = 10.0.40219.1
Project("{FAE04EC0-301F-11D3-BF4B-00C04F79EFBC}") = "NUnit3x", "NUnit3x\NUnit3x.csproj", "{2B565E6B-9F89-4270-8D97-DAEB181C115B}"
EndProject
Project("{FAE04EC0-301F-11D3-BF4B-00C04F79EFBC}") = "NUnit3xTests", "NUnit3xTests\NUnit3xTests.csproj", "{E9710D9E-598B-4098-ABFB-B2FF69F7A475}"
EndProject
Global
	GlobalSection(SolutionConfigurationPlatforms) = preSolution
		Debug|Any CPU = Debug|Any CPU
		Release|Any CPU = Release|Any CPU
	EndGlobalSection
	GlobalSection(ProjectConfigurationPlatforms) = postSolution
		{2B565E6B-9F89-4270-8D97-DAEB181C115B}.Debug|Any CPU.ActiveCfg = Debug|Any CPU
		{2B565E6B-9F89-4270-8D97-DAEB181C115B}.Debug|Any CPU.Build.0 = Debug|Any CPU
		{2B565E6B-9F89-4270-8D97-DAEB181C115B}.Release|Any CPU.ActiveCfg = Release|Any CPU
		{2B565E6B-9F89-4270-8D97-DAEB181C115B}.Release|Any CPU.Build.0 = Release|Any CPU
		{E9710D9E-598B-4098-ABFB-B2FF69F7A475}.Debug|Any CPU.ActiveCfg = Debug|Any CPU
		{E9710D9E-598B-4098-ABFB-B2FF69F7A475}.Debug|Any CPU.Build.0 = Debug|Any CPU
		{E9710D9E-598B-4098-ABFB-B2FF69F7A475}.Release|Any CPU.ActiveCfg = Release|Any CPU
		{E9710D9E-598B-4098-ABFB-B2FF69F7A475}.Release|Any CPU.Build.0 = Release|Any CPU
	EndGlobalSection
	GlobalSection(SolutionProperties) = preSolution
		HideSolutionNode = FALSE
	EndGlobalSection
	GlobalSection(ExtensibilityGlobals) = postSolution
		SolutionGuid = {0CBFF529-FEF5-469B-9BE1-EE3B815F9B6F}
	EndGlobalSection
EndGlobal
